
Microsoft Visual Studio Solution File, Format Version 12.00
# Visual Studio Version 17
VisualStudioVersion = 17.0.31903.59
MinimumVisualStudioVersion = 10.0.40219.1
Project("{FAE04EC0-301F-11D3-BF4B-00C04F79EFBC}") = "MyLibrary", "MyLibrary\MyLibrary.csproj", "{BE81CEEF-01EC-4A92-801A-2F40FA2CF6CE}"
EndProject
Global
	GlobalSection(SolutionConfigurationPlatforms) = preSolution
		Debug|Any CPU = Debug|Any CPU
		Release|Any CPU = Release|Any CPU
	EndGlobalSection
	GlobalSection(ProjectConfigurationPlatforms) = postSolution
		{BE81CEEF-01EC-4A92-801A-2F40FA2CF6CE}.Debug|Any CPU.ActiveCfg = Debug|Any CPU
		{BE81CEEF-01EC-4A92-801A-2F40FA2CF6CE}.Debug|Any CPU.Build.0 = Debug|Any CPU
		{BE81CEEF-01EC-4A92-801A-2F40FA2CF6CE}.Release|Any CPU.ActiveCfg = Release|Any CPU
		{BE81CEEF-01EC-4A92-801A-2F40FA2CF6CE}.Release|Any CPU.Build.0 = Release|Any CPU
	EndGlobalSection
	GlobalSection(SolutionProperties) = preSolution
		HideSolutionNode = FALSE
	EndGlobalSection
	GlobalSection(ExtensibilityGlobals) = postSolution
		SolutionGuid = {BC7BBA30-DC6E-4A34-8879-320453306815}
	EndGlobalSection
EndGlobal
